
Microsoft Visual Studio Solution File, Format Version 12.00
# Visual Studio Version 17
VisualStudioVersion = 17.9.34607.119
MinimumVisualStudioVersion = 10.0.40219.1
Project("{FAE04EC0-301F-11D3-BF4B-00C04F79EFBC}") = "BD_conection_test", "BD_conection_test\BD_conection_test.csproj", "{898B3B3D-E7F3-4CA3-9456-F574BEDCBFCF}"
EndProject
Global
	GlobalSection(SolutionConfigurationPlatforms) = preSolution
		Debug|Any CPU = Debug|Any CPU
		Release|Any CPU = Release|Any CPU
	EndGlobalSection
	GlobalSection(ProjectConfigurationPlatforms) = postSolution
		{898B3B3D-E7F3-4CA3-9456-F574BEDCBFCF}.Debug|Any CPU.ActiveCfg = Debug|Any CPU
		{898B3B3D-E7F3-4CA3-9456-F574BEDCBFCF}.Debug|Any CPU.Build.0 = Debug|Any CPU
		{898B3B3D-E7F3-4CA3-9456-F574BEDCBFCF}.Release|Any CPU.ActiveCfg = Release|Any CPU
		{898B3B3D-E7F3-4CA3-9456-F574BEDCBFCF}.Release|Any CPU.Build.0 = Release|Any CPU
	EndGlobalSection
	GlobalSection(SolutionProperties) = preSolution
		HideSolutionNode = FALSE
	EndGlobalSection
	GlobalSection(ExtensibilityGlobals) = postSolution
		SolutionGuid = {E5195467-809F-48B9-A104-18528A42435C}
	EndGlobalSection
EndGlobal
